
Microsoft Visual Studio Solution File, Format Version 12.00
# Visual Studio Version 17
VisualStudioVersion = 17.3.32929.385
MinimumVisualStudioVersion = 10.0.40219.1
Project("{FAE04EC0-301F-11D3-BF4B-00C04F79EFBC}") = "MiniProject", "MiniProject\MiniProject.csproj", "{9C3C40CF-27F6-4220-920A-84995EAAA07A}"
EndProject
Global
	GlobalSection(SolutionConfigurationPlatforms) = preSolution
		Debug|Any CPU = Debug|Any CPU
		Release|Any CPU = Release|Any CPU
	EndGlobalSection
	GlobalSection(ProjectConfigurationPlatforms) = postSolution
		{9C3C40CF-27F6-4220-920A-84995EAAA07A}.Debug|Any CPU.ActiveCfg = Debug|Any CPU
		{9C3C40CF-27F6-4220-920A-84995EAAA07A}.Debug|Any CPU.Build.0 = Debug|Any CPU
		{9C3C40CF-27F6-4220-920A-84995EAAA07A}.Release|Any CPU.ActiveCfg = Release|Any CPU
		{9C3C40CF-27F6-4220-920A-84995EAAA07A}.Release|Any CPU.Build.0 = Release|Any CPU
	EndGlobalSection
	GlobalSection(SolutionProperties) = preSolution
		HideSolutionNode = FALSE
	EndGlobalSection
	GlobalSection(ExtensibilityGlobals) = postSolution
		SolutionGuid = {031306C1-8233-4C22-ACCE-16607188B6BF}
	EndGlobalSection
EndGlobal
